
Microsoft Visual Studio Solution File, Format Version 12.00
# Visual Studio 15
VisualStudioVersion = 15.0.28010.2026
MinimumVisualStudioVersion = 10.0.40219.1
Project("{8BC9CEB8-8B4A-11D0-8D11-00A0C91BC942}") = "Project1", "Project1\Project1.vcxproj", "{9512B85C-5B25-416B-8C05-EF646BC1CEE1}"
EndProject
Global
	GlobalSection(SolutionConfigurationPlatforms) = preSolution
		Debug|x64 = Debug|x64
		Debug|x86 = Debug|x86
		Release|x64 = Release|x64
		Release|x86 = Release|x86
	EndGlobalSection
	GlobalSection(ProjectConfigurationPlatforms) = postSolution
		{9512B85C-5B25-416B-8C05-EF646BC1CEE1}.Debug|x64.ActiveCfg = Debug|x64
		{9512B85C-5B25-416B-8C05-EF646BC1CEE1}.Debug|x64.Build.0 = Debug|x64
		{9512B85C-5B25-416B-8C05-EF646BC1CEE1}.Debug|x86.ActiveCfg = Debug|Win32
		{9512B85C-5B25-416B-8C05-EF646BC1CEE1}.Debug|x86.Build.0 = Debug|Win32
		{9512B85C-5B25-416B-8C05-EF646BC1CEE1}.Release|x64.ActiveCfg = Release|x64
		{9512B85C-5B25-416B-8C05-EF646BC1CEE1}.Release|x64.Build.0 = Release|x64
		{9512B85C-5B25-416B-8C05-EF646BC1CEE1}.Release|x86.ActiveCfg = Release|Win32
		{9512B85C-5B25-416B-8C05-EF646BC1CEE1}.Release|x86.Build.0 = Release|Win32
	EndGlobalSection
	GlobalSection(SolutionProperties) = preSolution
		HideSolutionNode = FALSE
	EndGlobalSection
	GlobalSection(ExtensibilityGlobals) = postSolution
		SolutionGuid = {BF8399CA-FCB4-4206-A427-1CCD165E6F9F}
	EndGlobalSection
EndGlobal
